
Microsoft Visual Studio Solution File, Format Version 12.00
# Visual Studio 15
VisualStudioVersion = 15.0.26430.6
MinimumVisualStudioVersion = 10.0.40219.1
Project("{FAE04EC0-301F-11D3-BF4B-00C04F79EFBC}") = "Cinema", "Cinema\Cinema.csproj", "{CAE204E2-E9D0-4FBE-912A-1F1A107DE2BD}"
EndProject
Global
	GlobalSection(SolutionConfigurationPlatforms) = preSolution
		Debug|Any CPU = Debug|Any CPU
		Release|Any CPU = Release|Any CPU
	EndGlobalSection
	GlobalSection(ProjectConfigurationPlatforms) = postSolution
		{CAE204E2-E9D0-4FBE-912A-1F1A107DE2BD}.Debug|Any CPU.ActiveCfg = Debug|Any CPU
		{CAE204E2-E9D0-4FBE-912A-1F1A107DE2BD}.Debug|Any CPU.Build.0 = Debug|Any CPU
		{CAE204E2-E9D0-4FBE-912A-1F1A107DE2BD}.Release|Any CPU.ActiveCfg = Release|Any CPU
		{CAE204E2-E9D0-4FBE-912A-1F1A107DE2BD}.Release|Any CPU.Build.0 = Release|Any CPU
	EndGlobalSection
	GlobalSection(SolutionProperties) = preSolution
		HideSolutionNode = FALSE
	EndGlobalSection
EndGlobal
